{
    "name": "tester",
    "version": "0.1.0",
    "lockfileVersion": 2,
    "requires": true,
    "packages": {
        "": {
            "name": "tester",
            "version": "0.1.0",
            "devDependencies": {},
            "engines": {
                "node": "18.12.1"
            }
        }
    }
}
